{
  "name": "example",
  "lockfileVersion": 3,
  "requires": true,
  "packages": {
    "": {
      "dependencies": {
        "@bleed-believer/cli": "file:../package"
      }
    },
    "../package": {
      "name": "@bleed-believer/cli",
      "version": "0.1.1",
      "license": "MIT",
      "dependencies": {
        "@swc/core": "^1.15.18",
        "chalk": "^5.6.2",
        "json5": "^2.2.3",
        "tslog": "^4.10.2",
        "yargs": "^18.0.0"
      },
      "bin": {
        "bleed": "src/cli.ts",
        "path-alias": "src/cli.ts"
      },
      "devDependencies": {
        "@swc/cli": "^0.8.0",
        "@types/node": "^25.4.0",
        "@types/yargs": "^17.0.35",
        "typescript": "^5.9.3"
      },
      "engines": {
        "node": ">=22.0.0"
      }
    },
    "node_modules/@bleed-believer/cli": {
      "resolved": "../package",
      "link": true
    }
  }
}
