{
  "name": "01-minimal",
  "lockfileVersion": 3,
  "requires": true,
  "packages": {
    "": {
      "dependencies": {
        "@bleed-believer/path-alias": "file:../../package"
      },
      "devDependencies": {
        "@types/node": "^24.9.1"
      }
    },
    "../../package": {
      "name": "@bleed-believer/path-alias",
      "version": "2.3.2",
      "license": "MIT",
      "dependencies": {
        "@swc/cli": "^0.7.8",
        "@swc/core": "^1.13.5",
        "json5": "^2.2.3"
      },
      "bin": {
        "bb-path-alias": "dist/cli.js"
      },
      "devDependencies": {
        "@types/node": "^24.9.1",
        "ava": "^6.4.1",
        "typescript": "^5.9.3"
      },
      "engines": {
        "node": ">=20.0.0"
      }
    },
    "node_modules/@bleed-believer/path-alias": {
      "resolved": "../../package",
      "link": true
    },
    "node_modules/@types/node": {
      "version": "24.9.1",
      "resolved": "https://registry.npmjs.org/@types/node/-/node-24.9.1.tgz",
      "integrity": "sha512-QoiaXANRkSXK6p0Duvt56W208du4P9Uye9hWLWgGMDTEoKPhuenzNcC4vGUmrNkiOKTlIrBoyNQYNpSwfEZXSg==",
      "dev": true,
      "license": "MIT",
      "dependencies": {
        "undici-types": "~7.16.0"
      }
    },
    "node_modules/undici-types": {
      "version": "7.16.0",
      "resolved": "https://registry.npmjs.org/undici-types/-/undici-types-7.16.0.tgz",
      "integrity": "sha512-Zz+aZWSj8LE6zoxD+xrjh4VfkIG8Ya6LvYkZqtUQGJPZjYl53ypCaUwWqo7eI0x66KBGeRo+mlBEkMSeSZ38Nw==",
      "dev": true,
      "license": "MIT"
    }
  }
}
